
Microsoft Visual Studio Solution File, Format Version 12.00
# Visual Studio Version 17
VisualStudioVersion = 17.2.32526.322
MinimumVisualStudioVersion = 10.0.40219.1
Project("{9A19103F-16F7-4668-BE54-9A1E7A4F7556}") = "DiscordStreamNotifyBot", "DiscordStreamNotifyBot\DiscordStreamNotifyBot.csproj", "{A3022865-83A3-4A54-AB3D-E4589F705146}"
EndProject
Project("{2150E333-8FDC-42A3-9474-1A3956D46DE8}") = "Solution Items", "Solution Items", "{C7EE682C-42B5-40F4-B959-F717BBBF72A8}"
	ProjectSection(SolutionItems) = preProject
		.editorconfig = .editorconfig
		LICENSE.txt = LICENSE.txt
		README.md = README.md
	EndProjectSection
EndProject
Project("{2150E333-8FDC-42A3-9474-1A3956D46DE8}") = "src", "src", "{827E0CD3-B72D-47B6-A68D-7590B98EB39B}"
EndProject
Project("{FAE04EC0-301F-11D3-BF4B-00C04F79EFBC}") = "DiscordStreamNotifyBot.Shared", "src\DiscordStreamNotifyBot.Shared\DiscordStreamNotifyBot.Shared.csproj", "{5B385FB9-4EDC-4482-8562-4259817985BC}"
EndProject
Project("{FAE04EC0-301F-11D3-BF4B-00C04F79EFBC}") = "DiscordStreamNotifyBot.Scraper", "src\DiscordStreamNotifyBot.Scraper\DiscordStreamNotifyBot.Scraper.csproj", "{2DB24D0C-C696-4EE7-96DC-2DFEDD8C8FDA}"
EndProject
Project("{FAE04EC0-301F-11D3-BF4B-00C04F79EFBC}") = "DiscordStreamNotifyBot.Notifier", "src\DiscordStreamNotifyBot.Notifier\DiscordStreamNotifyBot.Notifier.csproj", "{785E9CDF-A9F8-4C10-97B2-6436097FAB6F}"
EndProject
Project("{FAE04EC0-301F-11D3-BF4B-00C04F79EFBC}") = "DiscordStreamNotifyBot.Coordinator", "src\DiscordStreamNotifyBot.Coordinator\DiscordStreamNotifyBot.Coordinator.csproj", "{0C60A208-35DC-41AE-AA49-173E99AD25BB}"
EndProject
Global
	GlobalSection(SolutionConfigurationPlatforms) = preSolution
		Debug_API|Any CPU = Debug_API|Any CPU
		Debug_API|x64 = Debug_API|x64
		Debug_API|x86 = Debug_API|x86
		Debug_DontRegisterCommand|Any CPU = Debug_DontRegisterCommand|Any CPU
		Debug_DontRegisterCommand|x64 = Debug_DontRegisterCommand|x64
		Debug_DontRegisterCommand|x86 = Debug_DontRegisterCommand|x86
		Debug|Any CPU = Debug|Any CPU
		Debug|x64 = Debug|x64
		Debug|x86 = Debug|x86
		Release|Any CPU = Release|Any CPU
		Release|x64 = Release|x64
		Release|x86 = Release|x86
	EndGlobalSection
	GlobalSection(ProjectConfigurationPlatforms) = postSolution
		{A3022865-83A3-4A54-AB3D-E4589F705146}.Debug_API|Any CPU.ActiveCfg = Debug_API|Any CPU
		{A3022865-83A3-4A54-AB3D-E4589F705146}.Debug_API|Any CPU.Build.0 = Debug_API|Any CPU
		{A3022865-83A3-4A54-AB3D-E4589F705146}.Debug_API|x64.ActiveCfg = Debug_API|Any CPU
		{A3022865-83A3-4A54-AB3D-E4589F705146}.Debug_API|x64.Build.0 = Debug_API|Any CPU
		{A3022865-83A3-4A54-AB3D-E4589F705146}.Debug_API|x86.ActiveCfg = Debug_API|Any CPU
		{A3022865-83A3-4A54-AB3D-E4589F705146}.Debug_API|x86.Build.0 = Debug_API|Any CPU
		{A3022865-83A3-4A54-AB3D-E4589F705146}.Debug_DontRegisterCommand|Any CPU.ActiveCfg = Debug_DontRegisterCommand|Any CPU
		{A3022865-83A3-4A54-AB3D-E4589F705146}.Debug_DontRegisterCommand|Any CPU.Build.0 = Debug_DontRegisterCommand|Any CPU
		{A3022865-83A3-4A54-AB3D-E4589F705146}.Debug_DontRegisterCommand|x64.ActiveCfg = Debug_DontRegisterCommand|Any CPU
		{A3022865-83A3-4A54-AB3D-E4589F705146}.Debug_DontRegisterCommand|x64.Build.0 = Debug_DontRegisterCommand|Any CPU
		{A3022865-83A3-4A54-AB3D-E4589F705146}.Debug_DontRegisterCommand|x86.ActiveCfg = Debug_DontRegisterCommand|Any CPU
		{A3022865-83A3-4A54-AB3D-E4589F705146}.Debug_DontRegisterCommand|x86.Build.0 = Debug_DontRegisterCommand|Any CPU
		{A3022865-83A3-4A54-AB3D-E4589F705146}.Debug|Any CPU.ActiveCfg = Debug|Any CPU
		{A3022865-83A3-4A54-AB3D-E4589F705146}.Debug|Any CPU.Build.0 = Debug|Any CPU
		{A3022865-83A3-4A54-AB3D-E4589F705146}.Debug|x64.ActiveCfg = Debug|Any CPU
		{A3022865-83A3-4A54-AB3D-E4589F705146}.Debug|x64.Build.0 = Debug|Any CPU
		{A3022865-83A3-4A54-AB3D-E4589F705146}.Debug|x86.ActiveCfg = Debug|Any CPU
		{A3022865-83A3-4A54-AB3D-E4589F705146}.Debug|x86.Build.0 = Debug|Any CPU
		{A3022865-83A3-4A54-AB3D-E4589F705146}.Release|Any CPU.ActiveCfg = Release|Any CPU
		{A3022865-83A3-4A54-AB3D-E4589F705146}.Release|Any CPU.Build.0 = Release|Any CPU
		{A3022865-83A3-4A54-AB3D-E4589F705146}.Release|x64.ActiveCfg = Release|Any CPU
		{A3022865-83A3-4A54-AB3D-E4589F705146}.Release|x64.Build.0 = Release|Any CPU
		{A3022865-83A3-4A54-AB3D-E4589F705146}.Release|x86.ActiveCfg = Release|Any CPU
		{A3022865-83A3-4A54-AB3D-E4589F705146}.Release|x86.Build.0 = Release|Any CPU
		{5B385FB9-4EDC-4482-8562-4259817985BC}.Debug_API|Any CPU.ActiveCfg = Debug_API|Any CPU
		{5B385FB9-4EDC-4482-8562-4259817985BC}.Debug_API|Any CPU.Build.0 = Debug_API|Any CPU
		{5B385FB9-4EDC-4482-8562-4259817985BC}.Debug_API|x64.ActiveCfg = Debug_API|Any CPU
		{5B385FB9-4EDC-4482-8562-4259817985BC}.Debug_API|x64.Build.0 = Debug_API|Any CPU
		{5B385FB9-4EDC-4482-8562-4259817985BC}.Debug_API|x86.ActiveCfg = Debug_API|Any CPU
		{5B385FB9-4EDC-4482-8562-4259817985BC}.Debug_API|x86.Build.0 = Debug_API|Any CPU
		{5B385FB9-4EDC-4482-8562-4259817985BC}.Debug_DontRegisterCommand|Any CPU.ActiveCfg = Debug_DontRegisterCommand|Any CPU
		{5B385FB9-4EDC-4482-8562-4259817985BC}.Debug_DontRegisterCommand|Any CPU.Build.0 = Debug_DontRegisterCommand|Any CPU
		{5B385FB9-4EDC-4482-8562-4259817985BC}.Debug_DontRegisterCommand|x64.ActiveCfg = Debug_DontRegisterCommand|Any CPU
		{5B385FB9-4EDC-4482-8562-4259817985BC}.Debug_DontRegisterCommand|x64.Build.0 = Debug_DontRegisterCommand|Any CPU
		{5B385FB9-4EDC-4482-8562-4259817985BC}.Debug_DontRegisterCommand|x86.ActiveCfg = Debug_DontRegisterCommand|Any CPU
		{5B385FB9-4EDC-4482-8562-4259817985BC}.Debug_DontRegisterCommand|x86.Build.0 = Debug_DontRegisterCommand|Any CPU
		{5B385FB9-4EDC-4482-8562-4259817985BC}.Debug|Any CPU.ActiveCfg = Debug|Any CPU
		{5B385FB9-4EDC-4482-8562-4259817985BC}.Debug|Any CPU.Build.0 = Debug|Any CPU
		{5B385FB9-4EDC-4482-8562-4259817985BC}.Debug|x64.ActiveCfg = Debug|Any CPU
		{5B385FB9-4EDC-4482-8562-4259817985BC}.Debug|x64.Build.0 = Debug|Any CPU
		{5B385FB9-4EDC-4482-8562-4259817985BC}.Debug|x86.ActiveCfg = Debug|Any CPU
		{5B385FB9-4EDC-4482-8562-4259817985BC}.Debug|x86.Build.0 = Debug|Any CPU
		{5B385FB9-4EDC-4482-8562-4259817985BC}.Release|Any CPU.ActiveCfg = Release|Any CPU
		{5B385FB9-4EDC-4482-8562-4259817985BC}.Release|Any CPU.Build.0 = Release|Any CPU
		{5B385FB9-4EDC-4482-8562-4259817985BC}.Release|x64.ActiveCfg = Release|Any CPU
		{5B385FB9-4EDC-4482-8562-4259817985BC}.Release|x64.Build.0 = Release|Any CPU
		{5B385FB9-4EDC-4482-8562-4259817985BC}.Release|x86.ActiveCfg = Release|Any CPU
		{5B385FB9-4EDC-4482-8562-4259817985BC}.Release|x86.Build.0 = Release|Any CPU
		{2DB24D0C-C696-4EE7-96DC-2DFEDD8C8FDA}.Debug_API|Any CPU.ActiveCfg = Debug_API|Any CPU
		{2DB24D0C-C696-4EE7-96DC-2DFEDD8C8FDA}.Debug_API|Any CPU.Build.0 = Debug_API|Any CPU
		{2DB24D0C-C696-4EE7-96DC-2DFEDD8C8FDA}.Debug_API|x64.ActiveCfg = Debug_API|Any CPU
		{2DB24D0C-C696-4EE7-96DC-2DFEDD8C8FDA}.Debug_API|x64.Build.0 = Debug_API|Any CPU
		{2DB24D0C-C696-4EE7-96DC-2DFEDD8C8FDA}.Debug_API|x86.ActiveCfg = Debug_API|Any CPU
		{2DB24D0C-C696-4EE7-96DC-2DFEDD8C8FDA}.Debug_API|x86.Build.0 = Debug_API|Any CPU
		{2DB24D0C-C696-4EE7-96DC-2DFEDD8C8FDA}.Debug_DontRegisterCommand|Any CPU.ActiveCfg = Debug_DontRegisterCommand|Any CPU
		{2DB24D0C-C696-4EE7-96DC-2DFEDD8C8FDA}.Debug_DontRegisterCommand|Any CPU.Build.0 = Debug_DontRegisterCommand|Any CPU
		{2DB24D0C-C696-4EE7-96DC-2DFEDD8C8FDA}.Debug_DontRegisterCommand|x64.ActiveCfg = Debug_DontRegisterCommand|Any CPU
		{2DB24D0C-C696-4EE7-96DC-2DFEDD8C8FDA}.Debug_DontRegisterCommand|x64.Build.0 = Debug_DontRegisterCommand|Any CPU
		{2DB24D0C-C696-4EE7-96DC-2DFEDD8C8FDA}.Debug_DontRegisterCommand|x86.ActiveCfg = Debug_DontRegisterCommand|Any CPU
		{2DB24D0C-C696-4EE7-96DC-2DFEDD8C8FDA}.Debug_DontRegisterCommand|x86.Build.0 = Debug_DontRegisterCommand|Any CPU
		{2DB24D0C-C696-4EE7-96DC-2DFEDD8C8FDA}.Debug|Any CPU.ActiveCfg = Debug|Any CPU
		{2DB24D0C-C696-4EE7-96DC-2DFEDD8C8FDA}.Debug|Any CPU.Build.0 = Debug|Any CPU
		{2DB24D0C-C696-4EE7-96DC-2DFEDD8C8FDA}.Debug|x64.ActiveCfg = Debug|Any CPU
		{2DB24D0C-C696-4EE7-96DC-2DFEDD8C8FDA}.Debug|x64.Build.0 = Debug|Any CPU
		{2DB24D0C-C696-4EE7-96DC-2DFEDD8C8FDA}.Debug|x86.ActiveCfg = Debug|Any CPU
		{2DB24D0C-C696-4EE7-96DC-2DFEDD8C8FDA}.Debug|x86.Build.0 = Debug|Any CPU
		{2DB24D0C-C696-4EE7-96DC-2DFEDD8C8FDA}.Release|Any CPU.ActiveCfg = Release|Any CPU
		{2DB24D0C-C696-4EE7-96DC-2DFEDD8C8FDA}.Release|Any CPU.Build.0 = Release|Any CPU
		{2DB24D0C-C696-4EE7-96DC-2DFEDD8C8FDA}.Release|x64.ActiveCfg = Release|Any CPU
		{2DB24D0C-C696-4EE7-96DC-2DFEDD8C8FDA}.Release|x64.Build.0 = Release|Any CPU
		{2DB24D0C-C696-4EE7-96DC-2DFEDD8C8FDA}.Release|x86.ActiveCfg = Release|Any CPU
		{2DB24D0C-C696-4EE7-96DC-2DFEDD8C8FDA}.Release|x86.Build.0 = Release|Any CPU
		{785E9CDF-A9F8-4C10-97B2-6436097FAB6F}.Debug_API|Any CPU.ActiveCfg = Debug_API|Any CPU
		{785E9CDF-A9F8-4C10-97B2-6436097FAB6F}.Debug_API|Any CPU.Build.0 = Debug_API|Any CPU
		{785E9CDF-A9F8-4C10-97B2-6436097FAB6F}.Debug_API|x64.ActiveCfg = Debug_API|Any CPU
		{785E9CDF-A9F8-4C10-97B2-6436097FAB6F}.Debug_API|x64.Build.0 = Debug_API|Any CPU
		{785E9CDF-A9F8-4C10-97B2-6436097FAB6F}.Debug_API|x86.ActiveCfg = Debug_API|Any CPU
		{785E9CDF-A9F8-4C10-97B2-6436097FAB6F}.Debug_API|x86.Build.0 = Debug_API|Any CPU
		{785E9CDF-A9F8-4C10-97B2-6436097FAB6F}.Debug_DontRegisterCommand|Any CPU.ActiveCfg = Debug_DontRegisterCommand|Any CPU
		{785E9CDF-A9F8-4C10-97B2-6436097FAB6F}.Debug_DontRegisterCommand|Any CPU.Build.0 = Debug_DontRegisterCommand|Any CPU
		{785E9CDF-A9F8-4C10-97B2-6436097FAB6F}.Debug_DontRegisterCommand|x64.ActiveCfg = Debug_DontRegisterCommand|Any CPU
		{785E9CDF-A9F8-4C10-97B2-6436097FAB6F}.Debug_DontRegisterCommand|x64.Build.0 = Debug_DontRegisterCommand|Any CPU
		{785E9CDF-A9F8-4C10-97B2-6436097FAB6F}.Debug_DontRegisterCommand|x86.ActiveCfg = Debug_DontRegisterCommand|Any CPU
		{785E9CDF-A9F8-4C10-97B2-6436097FAB6F}.Debug_DontRegisterCommand|x86.Build.0 = Debug_DontRegisterCommand|Any CPU
		{785E9CDF-A9F8-4C10-97B2-6436097FAB6F}.Debug|Any CPU.ActiveCfg = Debug|Any CPU
		{785E9CDF-A9F8-4C10-97B2-6436097FAB6F}.Debug|Any CPU.Build.0 = Debug|Any CPU
		{785E9CDF-A9F8-4C10-97B2-6436097FAB6F}.Debug|x64.ActiveCfg = Debug|Any CPU
		{785E9CDF-A9F8-4C10-97B2-6436097FAB6F}.Debug|x64.Build.0 = Debug|Any CPU
		{785E9CDF-A9F8-4C10-97B2-6436097FAB6F}.Debug|x86.ActiveCfg = Debug|Any CPU
		{785E9CDF-A9F8-4C10-97B2-6436097FAB6F}.Debug|x86.Build.0 = Debug|Any CPU
		{785E9CDF-A9F8-4C10-97B2-6436097FAB6F}.Release|Any CPU.ActiveCfg = Release|Any CPU
		{785E9CDF-A9F8-4C10-97B2-6436097FAB6F}.Release|Any CPU.Build.0 = Release|Any CPU
		{785E9CDF-A9F8-4C10-97B2-6436097FAB6F}.Release|x64.ActiveCfg = Release|Any CPU
		{785E9CDF-A9F8-4C10-97B2-6436097FAB6F}.Release|x64.Build.0 = Release|Any CPU
		{785E9CDF-A9F8-4C10-97B2-6436097FAB6F}.Release|x86.ActiveCfg = Release|Any CPU
		{785E9CDF-A9F8-4C10-97B2-6436097FAB6F}.Release|x86.Build.0 = Release|Any CPU
		{0C60A208-35DC-41AE-AA49-173E99AD25BB}.Debug_API|Any CPU.ActiveCfg = Debug_API|Any CPU
		{0C60A208-35DC-41AE-AA49-173E99AD25BB}.Debug_API|Any CPU.Build.0 = Debug_API|Any CPU
		{0C60A208-35DC-41AE-AA49-173E99AD25BB}.Debug_API|x64.ActiveCfg = Debug_API|Any CPU
		{0C60A208-35DC-41AE-AA49-173E99AD25BB}.Debug_API|x64.Build.0 = Debug_API|Any CPU
		{0C60A208-35DC-41AE-AA49-173E99AD25BB}.Debug_API|x86.ActiveCfg = Debug_API|Any CPU
		{0C60A208-35DC-41AE-AA49-173E99AD25BB}.Debug_API|x86.Build.0 = Debug_API|Any CPU
		{0C60A208-35DC-41AE-AA49-173E99AD25BB}.Debug_DontRegisterCommand|Any CPU.ActiveCfg = Debug_DontRegisterCommand|Any CPU
		{0C60A208-35DC-41AE-AA49-173E99AD25BB}.Debug_DontRegisterCommand|Any CPU.Build.0 = Debug_DontRegisterCommand|Any CPU
		{0C60A208-35DC-41AE-AA49-173E99AD25BB}.Debug_DontRegisterCommand|x64.ActiveCfg = Debug_DontRegisterCommand|Any CPU
		{0C60A208-35DC-41AE-AA49-173E99AD25BB}.Debug_DontRegisterCommand|x64.Build.0 = Debug_DontRegisterCommand|Any CPU
		{0C60A208-35DC-41AE-AA49-173E99AD25BB}.Debug_DontRegisterCommand|x86.ActiveCfg = Debug_DontRegisterCommand|Any CPU
		{0C60A208-35DC-41AE-AA49-173E99AD25BB}.Debug_DontRegisterCommand|x86.Build.0 = Debug_DontRegisterCommand|Any CPU
		{0C60A208-35DC-41AE-AA49-173E99AD25BB}.Debug|Any CPU.ActiveCfg = Debug|Any CPU
		{0C60A208-35DC-41AE-AA49-173E99AD25BB}.Debug|Any CPU.Build.0 = Debug|Any CPU
		{0C60A208-35DC-41AE-AA49-173E99AD25BB}.Debug|x64.ActiveCfg = Debug|Any CPU
		{0C60A208-35DC-41AE-AA49-173E99AD25BB}.Debug|x64.Build.0 = Debug|Any CPU
		{0C60A208-35DC-41AE-AA49-173E99AD25BB}.Debug|x86.ActiveCfg = Debug|Any CPU
		{0C60A208-35DC-41AE-AA49-173E99AD25BB}.Debug|x86.Build.0 = Debug|Any CPU
		{0C60A208-35DC-41AE-AA49-173E99AD25BB}.Release|Any CPU.ActiveCfg = Release|Any CPU
		{0C60A208-35DC-41AE-AA49-173E99AD25BB}.Release|Any CPU.Build.0 = Release|Any CPU
		{0C60A208-35DC-41AE-AA49-173E99AD25BB}.Release|x64.ActiveCfg = Release|Any CPU
		{0C60A208-35DC-41AE-AA49-173E99AD25BB}.Release|x64.Build.0 = Release|Any CPU
		{0C60A208-35DC-41AE-AA49-173E99AD25BB}.Release|x86.ActiveCfg = Release|Any CPU
		{0C60A208-35DC-41AE-AA49-173E99AD25BB}.Release|x86.Build.0 = Release|Any CPU
	EndGlobalSection
	GlobalSection(SolutionProperties) = preSolution
		HideSolutionNode = FALSE
	EndGlobalSection
	GlobalSection(NestedProjects) = preSolution
		{5B385FB9-4EDC-4482-8562-4259817985BC} = {827E0CD3-B72D-47B6-A68D-7590B98EB39B}
		{2DB24D0C-C696-4EE7-96DC-2DFEDD8C8FDA} = {827E0CD3-B72D-47B6-A68D-7590B98EB39B}
		{785E9CDF-A9F8-4C10-97B2-6436097FAB6F} = {827E0CD3-B72D-47B6-A68D-7590B98EB39B}
		{0C60A208-35DC-41AE-AA49-173E99AD25BB} = {827E0CD3-B72D-47B6-A68D-7590B98EB39B}
	EndGlobalSection
	GlobalSection(ExtensibilityGlobals) = postSolution
		SolutionGuid = {C43BB15A-2E55-458A-AA66-C0B60165014B}
	EndGlobalSection
EndGlobal
